
Microsoft Visual Studio Solution File, Format Version 12.00
# Visual Studio 15
VisualStudioVersion = 15.0.28307.271
MinimumVisualStudioVersion = 10.0.40219.1
Project("{FAE04EC0-301F-11D3-BF4B-00C04F79EFBC}") = "IpLocation", "IpLocation\IpLocation.csproj", "{A68F3434-6C82-43AA-909D-E6C92C12C71E}"
EndProject
Global
	GlobalSection(SolutionConfigurationPlatforms) = preSolution
		Debug|Any CPU = Debug|Any CPU
		Release|Any CPU = Release|Any CPU
	EndGlobalSection
	GlobalSection(ProjectConfigurationPlatforms) = postSolution
		{A68F3434-6C82-43AA-909D-E6C92C12C71E}.Debug|Any CPU.ActiveCfg = Debug|Any CPU
		{A68F3434-6C82-43AA-909D-E6C92C12C71E}.Debug|Any CPU.Build.0 = Debug|Any CPU
		{A68F3434-6C82-43AA-909D-E6C92C12C71E}.Release|Any CPU.ActiveCfg = Release|Any CPU
		{A68F3434-6C82-43AA-909D-E6C92C12C71E}.Release|Any CPU.Build.0 = Release|Any CPU
	EndGlobalSection
	GlobalSection(SolutionProperties) = preSolution
		HideSolutionNode = FALSE
	EndGlobalSection
	GlobalSection(ExtensibilityGlobals) = postSolution
		SolutionGuid = {DFB7B5AD-1346-4DDE-9273-4171EF3C1A58}
	EndGlobalSection
EndGlobal
